
Microsoft Visual Studio Solution File, Format Version 12.00
# Visual Studio 2015
Project("{FAE04EC0-301F-11D3-BF4B-00C04F79EFBC}") = "SRW.Plugins", "SRW.Plugins.csproj", "{FFA1D020-4F9D-0354-77A6-2495F9BE1A93}"
EndProject
Project("{FAE04EC0-301F-11D3-BF4B-00C04F79EFBC}") = "SRW", "SRW.csproj", "{D7894A57-4400-A7C0-05B0-690FE8613735}"
EndProject
Project("{FAE04EC0-301F-11D3-BF4B-00C04F79EFBC}") = "SRW.Editor.Plugins", "SRW.Editor.Plugins.csproj", "{C2D856D1-89A2-4258-C9B9-790D3C6643B0}"
EndProject
Global
	GlobalSection(SolutionConfigurationPlatforms) = preSolution
		Debug|Any CPU = Debug|Any CPU
		Release|Any CPU = Release|Any CPU
	EndGlobalSection
	GlobalSection(ProjectConfigurationPlatforms) = postSolution
		{FFA1D020-4F9D-0354-77A6-2495F9BE1A93}.Debug|Any CPU.ActiveCfg = Debug|Any CPU
		{FFA1D020-4F9D-0354-77A6-2495F9BE1A93}.Debug|Any CPU.Build.0 = Debug|Any CPU
		{FFA1D020-4F9D-0354-77A6-2495F9BE1A93}.Release|Any CPU.ActiveCfg = Release|Any CPU
		{FFA1D020-4F9D-0354-77A6-2495F9BE1A93}.Release|Any CPU.Build.0 = Release|Any CPU
		{D7894A57-4400-A7C0-05B0-690FE8613735}.Debug|Any CPU.ActiveCfg = Debug|Any CPU
		{D7894A57-4400-A7C0-05B0-690FE8613735}.Debug|Any CPU.Build.0 = Debug|Any CPU
		{D7894A57-4400-A7C0-05B0-690FE8613735}.Release|Any CPU.ActiveCfg = Release|Any CPU
		{D7894A57-4400-A7C0-05B0-690FE8613735}.Release|Any CPU.Build.0 = Release|Any CPU
		{C2D856D1-89A2-4258-C9B9-790D3C6643B0}.Debug|Any CPU.ActiveCfg = Debug|Any CPU
		{C2D856D1-89A2-4258-C9B9-790D3C6643B0}.Debug|Any CPU.Build.0 = Debug|Any CPU
		{C2D856D1-89A2-4258-C9B9-790D3C6643B0}.Release|Any CPU.ActiveCfg = Release|Any CPU
		{C2D856D1-89A2-4258-C9B9-790D3C6643B0}.Release|Any CPU.Build.0 = Release|Any CPU
	EndGlobalSection
	GlobalSection(SolutionProperties) = preSolution
		HideSolutionNode = FALSE
	EndGlobalSection
EndGlobal
